
Microsoft Visual Studio Solution File, Format Version 12.00
# Visual Studio Version 17
VisualStudioVersion = 17.4.33103.184
MinimumVisualStudioVersion = 10.0.40219.1
Project("{FAE04EC0-301F-11D3-BF4B-00C04F79EFBC}") = "DZ_ASP_JWT_18_11", "DZ_ASP_JWT_18_11\DZ_ASP_JWT_18_11.csproj", "{ECE0A685-7198-40B4-A369-1E4790A8414E}"
EndProject
Global
	GlobalSection(SolutionConfigurationPlatforms) = preSolution
		Debug|Any CPU = Debug|Any CPU
		Release|Any CPU = Release|Any CPU
	EndGlobalSection
	GlobalSection(ProjectConfigurationPlatforms) = postSolution
		{ECE0A685-7198-40B4-A369-1E4790A8414E}.Debug|Any CPU.ActiveCfg = Debug|Any CPU
		{ECE0A685-7198-40B4-A369-1E4790A8414E}.Debug|Any CPU.Build.0 = Debug|Any CPU
		{ECE0A685-7198-40B4-A369-1E4790A8414E}.Release|Any CPU.ActiveCfg = Release|Any CPU
		{ECE0A685-7198-40B4-A369-1E4790A8414E}.Release|Any CPU.Build.0 = Release|Any CPU
	EndGlobalSection
	GlobalSection(SolutionProperties) = preSolution
		HideSolutionNode = FALSE
	EndGlobalSection
	GlobalSection(ExtensibilityGlobals) = postSolution
		SolutionGuid = {DA0E3084-E1C5-4B3C-8C73-CE1FC22304B8}
	EndGlobalSection
EndGlobal
